
Microsoft Visual Studio Solution File, Format Version 12.00
# Visual Studio Version 16
VisualStudioVersion = 16.6.30114.105
MinimumVisualStudioVersion = 10.0.40219.1
Project("{2150E333-8FDC-42A3-9474-1A3956D46DE8}") = "src", "src", "{557AD808-3419-4657-AD2E-FEFF86CD2C4D}"
EndProject
Project("{FAE04EC0-301F-11D3-BF4B-00C04F79EFBC}") = "OnlineTrading.Domain.Tests", "src\OnlineTrading.Domain.Tests\OnlineTrading.Domain.Tests.csproj", "{874EE229-C2A5-447F-87D8-704BC7834E19}"
EndProject
Project("{FAE04EC0-301F-11D3-BF4B-00C04F79EFBC}") = "OnlineTrading.Domain", "src\OnlineTrading.Domain\OnlineTrading.Domain.csproj", "{E481D41B-53B7-475D-A72F-394E07D5AE80}"
EndProject
Global
	GlobalSection(SolutionConfigurationPlatforms) = preSolution
		Debug|Any CPU = Debug|Any CPU
		Debug|x64 = Debug|x64
		Debug|x86 = Debug|x86
		Release|Any CPU = Release|Any CPU
		Release|x64 = Release|x64
		Release|x86 = Release|x86
	EndGlobalSection
	GlobalSection(SolutionProperties) = preSolution
		HideSolutionNode = FALSE
	EndGlobalSection
	GlobalSection(ProjectConfigurationPlatforms) = postSolution
		{874EE229-C2A5-447F-87D8-704BC7834E19}.Debug|Any CPU.ActiveCfg = Debug|Any CPU
		{874EE229-C2A5-447F-87D8-704BC7834E19}.Debug|Any CPU.Build.0 = Debug|Any CPU
		{874EE229-C2A5-447F-87D8-704BC7834E19}.Debug|x64.ActiveCfg = Debug|Any CPU
		{874EE229-C2A5-447F-87D8-704BC7834E19}.Debug|x64.Build.0 = Debug|Any CPU
		{874EE229-C2A5-447F-87D8-704BC7834E19}.Debug|x86.ActiveCfg = Debug|Any CPU
		{874EE229-C2A5-447F-87D8-704BC7834E19}.Debug|x86.Build.0 = Debug|Any CPU
		{874EE229-C2A5-447F-87D8-704BC7834E19}.Release|Any CPU.ActiveCfg = Release|Any CPU
		{874EE229-C2A5-447F-87D8-704BC7834E19}.Release|Any CPU.Build.0 = Release|Any CPU
		{874EE229-C2A5-447F-87D8-704BC7834E19}.Release|x64.ActiveCfg = Release|Any CPU
		{874EE229-C2A5-447F-87D8-704BC7834E19}.Release|x64.Build.0 = Release|Any CPU
		{874EE229-C2A5-447F-87D8-704BC7834E19}.Release|x86.ActiveCfg = Release|Any CPU
		{874EE229-C2A5-447F-87D8-704BC7834E19}.Release|x86.Build.0 = Release|Any CPU
		{E481D41B-53B7-475D-A72F-394E07D5AE80}.Debug|Any CPU.ActiveCfg = Debug|Any CPU
		{E481D41B-53B7-475D-A72F-394E07D5AE80}.Debug|Any CPU.Build.0 = Debug|Any CPU
		{E481D41B-53B7-475D-A72F-394E07D5AE80}.Debug|x64.ActiveCfg = Debug|Any CPU
		{E481D41B-53B7-475D-A72F-394E07D5AE80}.Debug|x64.Build.0 = Debug|Any CPU
		{E481D41B-53B7-475D-A72F-394E07D5AE80}.Debug|x86.ActiveCfg = Debug|Any CPU
		{E481D41B-53B7-475D-A72F-394E07D5AE80}.Debug|x86.Build.0 = Debug|Any CPU
		{E481D41B-53B7-475D-A72F-394E07D5AE80}.Release|Any CPU.ActiveCfg = Release|Any CPU
		{E481D41B-53B7-475D-A72F-394E07D5AE80}.Release|Any CPU.Build.0 = Release|Any CPU
		{E481D41B-53B7-475D-A72F-394E07D5AE80}.Release|x64.ActiveCfg = Release|Any CPU
		{E481D41B-53B7-475D-A72F-394E07D5AE80}.Release|x64.Build.0 = Release|Any CPU
		{E481D41B-53B7-475D-A72F-394E07D5AE80}.Release|x86.ActiveCfg = Release|Any CPU
		{E481D41B-53B7-475D-A72F-394E07D5AE80}.Release|x86.Build.0 = Release|Any CPU
	EndGlobalSection
	GlobalSection(NestedProjects) = preSolution
		{874EE229-C2A5-447F-87D8-704BC7834E19} = {557AD808-3419-4657-AD2E-FEFF86CD2C4D}
		{E481D41B-53B7-475D-A72F-394E07D5AE80} = {557AD808-3419-4657-AD2E-FEFF86CD2C4D}
	EndGlobalSection
EndGlobal
